// !$*UTF8*$!
{
	archiveVersion = 1;
	classes = {
	};
	objectVersion = 46;
	objects = {

/* Begin PBXBuildFile section */
		5B92C3A78C9A4B576EDDAD06 /* libPods.a in Frameworks */ = {isa = PBXBuildFile; fileRef = CA651C7031E6110F55A848A0 /* libPods.a */; };
		FE36D9131C8543D800A4C931 /* main.m in Sources */ = {isa = PBXBuildFile; fileRef = FE36D9121C8543D800A4C931 /* main.m */; };
		FE36D9161C8543D800A4C931 /* AppDelegate.m in Sources */ = {isa = PBXBuildFile; fileRef = FE36D9151C8543D800A4C931 /* AppDelegate.m */; };
		FE36D9191C8543D800A4C931 /* ViewController.m in Sources */ = {isa = PBXBuildFile; fileRef = FE36D9181C8543D800A4C931 /* ViewController.m */; };
		FE36D91C1C8543D800A4C931 /* Main.storyboard in Resources */ = {isa = PBXBuildFile; fileRef = FE36D91A1C8543D800A4C931 /* Main.storyboard */; };
		FE36D91F1C8543D800A4C931 /* ____.xcdatamodeld in Sources */ = {isa = PBXBuildFile; fileRef = FE36D91D1C8543D800A4C931 /* ____.xcdatamodeld */; };
		FE36D9211C8543D800A4C931 /* Assets.xcassets in Resources */ = {isa = PBXBuildFile; fileRef = FE36D9201C8543D800A4C931 /* Assets.xcassets */; };
		FE36D9241C8543D800A4C931 /* LaunchScreen.storyboard in Resources */ = {isa = PBXBuildFile; fileRef = FE36D9221C8543D800A4C931 /* LaunchScreen.storyboard */; };
		FE36D92F1C8543D800A4C931 /* ____Tests.m in Sources */ = {isa = PBXBuildFile; fileRef = FE36D92E1C8543D800A4C931 /* ____Tests.m */; };
		FE36D93A1C8543D800A4C931 /* ____UITests.m in Sources */ = {isa = PBXBuildFile; fileRef = FE36D9391C8543D800A4C931 /* ____UITests.m */; };
		FE36D98B1C856C7500A4C931 /* HTTPManager.m in Sources */ = {isa = PBXBuildFile; fileRef = FE36D98A1C856C7500A4C931 /* HTTPManager.m */; };
		FE36D98E1C858A4200A4C931 /* AQIModel.m in Sources */ = {isa = PBXBuildFile; fileRef = FE36D98D1C858A4200A4C931 /* AQIModel.m */; };
		FE36D9911C858A7300A4C931 /* BasicModel.m in Sources */ = {isa = PBXBuildFile; fileRef = FE36D9901C858A7300A4C931 /* BasicModel.m */; };
		FE36D9941C858A9800A4C931 /* Daily_forecastModel.m in Sources */ = {isa = PBXBuildFile; fileRef = FE36D9931C858A9800A4C931 /* Daily_forecastModel.m */; };
		FE36D9971C858AAE00A4C931 /* Hourly_forecastModel.m in Sources */ = {isa = PBXBuildFile; fileRef = FE36D9961C858AAE00A4C931 /* Hourly_forecastModel.m */; };
		FE36D99A1C858AC500A4C931 /* NowModel.m in Sources */ = {isa = PBXBuildFile; fileRef = FE36D9991C858AC500A4C931 /* NowModel.m */; };
		FE36D99D1C858AD900A4C931 /* SuggestionModel.m in Sources */ = {isa = PBXBuildFile; fileRef = FE36D99C1C858AD900A4C931 /* SuggestionModel.m */; };
		FE36D9A01C85918D00A4C931 /* UpdateModel.m in Sources */ = {isa = PBXBuildFile; fileRef = FE36D99F1C85918D00A4C931 /* UpdateModel.m */; };
		FE36D9A31C85970A00A4C931 /* CondModel.m in Sources */ = {isa = PBXBuildFile; fileRef = FE36D9A21C85970A00A4C931 /* CondModel.m */; };
		FE36D9A81C8597B600A4C931 /* TmpModel.m in Sources */ = {isa = PBXBuildFile; fileRef = FE36D9A71C8597B600A4C931 /* TmpModel.m */; };
		FE36D9AB1C8597EF00A4C931 /* WindModel.m in Sources */ = {isa = PBXBuildFile; fileRef = FE36D9AA1C8597EF00A4C931 /* WindModel.m */; };
		FE36D9AF1C859C2B00A4C931 /* BaseForceModel.m in Sources */ = {isa = PBXBuildFile; fileRef = FE36D9AE1C859C2B00A4C931 /* BaseForceModel.m */; };
		FE36D9B21C85AC5900A4C931 /* NewCondModel.m in Sources */ = {isa = PBXBuildFile; fileRef = FE36D9B11C85AC5900A4C931 /* NewCondModel.m */; };
/* End PBXBuildFile section */

/* Begin PBXContainerItemProxy section */
		FE36D92B1C8543D800A4C931 /* PBXContainerItemProxy */ = {
			isa = PBXContainerItemProxy;
			containerPortal = FE36D9061C8543D700A4C931 /* Project object */;
			proxyType = 1;
			remoteGlobalIDString = FE36D90D1C8543D800A4C931;
			remoteInfo = "天气预报";
		};
		FE36D9361C8543D800A4C931 /* PBXContainerItemProxy */ = {
			isa = PBXContainerItemProxy;
			containerPortal = FE36D9061C8543D700A4C931 /* Project object */;
			proxyType = 1;
			remoteGlobalIDString = FE36D90D1C8543D800A4C931;
			remoteInfo = "天气预报";
		};
/* End PBXContainerItemProxy section */

/* Begin PBXFileReference section */
		7EA8867BAAF6F8F0D324BBD2 /* Pods.debug.xcconfig */ = {isa = PBXFileReference; includeInIndex = 1; lastKnownFileType = text.xcconfig; name = Pods.debug.xcconfig; path = "Pods/Target Support Files/Pods/Pods.debug.xcconfig"; sourceTree = "<group>"; };
		CA651C7031E6110F55A848A0 /* libPods.a */ = {isa = PBXFileReference; explicitFileType = archive.ar; includeInIndex = 0; path = libPods.a; sourceTree = BUILT_PRODUCTS_DIR; };
		FE36D90E1C8543D800A4C931 /* 天气预报.app */ = {isa = PBXFileReference; explicitFileType = wrapper.application; includeInIndex = 0; path = "天气预报.app"; sourceTree = BUILT_PRODUCTS_DIR; };
		FE36D9121C8543D800A4C931 /* main.m */ = {isa = PBXFileReference; lastKnownFileType = sourcecode.c.objc; path = main.m; sourceTree = "<group>"; };
		FE36D9141C8543D800A4C931 /* AppDelegate.h */ = {isa = PBXFileReference; lastKnownFileType = sourcecode.c.h; path = AppDelegate.h; sourceTree = "<group>"; };
		FE36D9151C8543D800A4C931 /* AppDelegate.m */ = {isa = PBXFileReference; lastKnownFileType = sourcecode.c.objc; path = AppDelegate.m; sourceTree = "<group>"; };
		FE36D9171C8543D800A4C931 /* ViewController.h */ = {isa = PBXFileReference; lastKnownFileType = sourcecode.c.h; path = ViewController.h; sourceTree = "<group>"; };
		FE36D9181C8543D800A4C931 /* ViewController.m */ = {isa = PBXFileReference; lastKnownFileType = sourcecode.c.objc; path = ViewController.m; sourceTree = "<group>"; };
		FE36D91B1C8543D800A4C931 /* Base */ = {isa = PBXFileReference; lastKnownFileType = file.storyboard; name = Base; path = Base.lproj/Main.storyboard; sourceTree = "<group>"; };
		FE36D91E1C8543D800A4C931 /* ____.xcdatamodel */ = {isa = PBXFileReference; lastKnownFileType = wrapper.xcdatamodel; path = "____.xcdatamodel"; sourceTree = "<group>"; };
		FE36D9201C8543D800A4C931 /* Assets.xcassets */ = {isa = PBXFileReference; lastKnownFileType = folder.assetcatalog; path = Assets.xcassets; sourceTree = "<group>"; };
		FE36D9231C8543D800A4C931 /* Base */ = {isa = PBXFileReference; lastKnownFileType = file.storyboard; name = Base; path = Base.lproj/LaunchScreen.storyboard; sourceTree = "<group>"; };
		FE36D9251C8543D800A4C931 /* Info.plist */ = {isa = PBXFileReference; lastKnownFileType = text.plist.xml; path = Info.plist; sourceTree = "<group>"; };
		FE36D92A1C8543D800A4C931 /* 天气预报Tests.xctest */ = {isa = PBXFileReference; explicitFileType = wrapper.cfbundle; includeInIndex = 0; path = "天气预报Tests.xctest"; sourceTree = BUILT_PRODUCTS_DIR; };
		FE36D92E1C8543D800A4C931 /* ____Tests.m */ = {isa = PBXFileReference; lastKnownFileType = sourcecode.c.objc; path = "____Tests.m"; sourceTree = "<group>"; };
		FE36D9301C8543D800A4C931 /* Info.plist */ = {isa = PBXFileReference; lastKnownFileType = text.plist.xml; path = Info.plist; sourceTree = "<group>"; };
		FE36D9351C8543D800A4C931 /* 天气预报UITests.xctest */ = {isa = PBXFileReference; explicitFileType = wrapper.cfbundle; includeInIndex = 0; path = "天气预报UITests.xctest"; sourceTree = BUILT_PRODUCTS_DIR; };
		FE36D9391C8543D800A4C931 /* ____UITests.m */ = {isa = PBXFileReference; lastKnownFileType = sourcecode.c.objc; path = "____UITests.m"; sourceTree = "<group>"; };
		FE36D93B1C8543D800A4C931 /* Info.plist */ = {isa = PBXFileReference; lastKnownFileType = text.plist.xml; path = Info.plist; sourceTree = "<group>"; };
		FE36D9891C856C7500A4C931 /* HTTPManager.h */ = {isa = PBXFileReference; fileEncoding = 4; lastKnownFileType = sourcecode.c.h; path = HTTPManager.h; sourceTree = "<group>"; };
		FE36D98A1C856C7500A4C931 /* HTTPManager.m */ = {isa = PBXFileReference; fileEncoding = 4; lastKnownFileType = sourcecode.c.objc; path = HTTPManager.m; sourceTree = "<group>"; };
		FE36D98C1C858A4200A4C931 /* AQIModel.h */ = {isa = PBXFileReference; fileEncoding = 4; lastKnownFileType = sourcecode.c.h; path = AQIModel.h; sourceTree = "<group>"; };
		FE36D98D1C858A4200A4C931 /* AQIModel.m */ = {isa = PBXFileReference; fileEncoding = 4; lastKnownFileType = sourcecode.c.objc; path = AQIModel.m; sourceTree = "<group>"; };
		FE36D98F1C858A7300A4C931 /* BasicModel.h */ = {isa = PBXFileReference; fileEncoding = 4; lastKnownFileType = sourcecode.c.h; name = BasicModel.h; path = "天气预报/BasicModel.h"; sourceTree = SOURCE_ROOT; };
		FE36D9901C858A7300A4C931 /* BasicModel.m */ = {isa = PBXFileReference; fileEncoding = 4; lastKnownFileType = sourcecode.c.objc; name = BasicModel.m; path = "天气预报/BasicModel.m"; sourceTree = SOURCE_ROOT; };
		FE36D9921C858A9800A4C931 /* Daily_forecastModel.h */ = {isa = PBXFileReference; fileEncoding = 4; lastKnownFileType = sourcecode.c.h; name = Daily_forecastModel.h; path = "天气预报/Daily_forecastModel.h"; sourceTree = SOURCE_ROOT; };
		FE36D9931C858A9800A4C931 /* Daily_forecastModel.m */ = {isa = PBXFileReference; fileEncoding = 4; lastKnownFileType = sourcecode.c.objc; name = Daily_forecastModel.m; path = "天气预报/Daily_forecastModel.m"; sourceTree = SOURCE_ROOT; };
		FE36D9951C858AAE00A4C931 /* Hourly_forecastModel.h */ = {isa = PBXFileReference; fileEncoding = 4; lastKnownFileType = sourcecode.c.h; path = Hourly_forecastModel.h; sourceTree = "<group>"; };
		FE36D9961C858AAE00A4C931 /* Hourly_forecastModel.m */ = {isa = PBXFileReference; fileEncoding = 4; lastKnownFileType = sourcecode.c.objc; path = Hourly_forecastModel.m; sourceTree = "<group>"; };
		FE36D9981C858AC500A4C931 /* NowModel.h */ = {isa = PBXFileReference; fileEncoding = 4; lastKnownFileType = sourcecode.c.h; path = NowModel.h; sourceTree = "<group>"; };
		FE36D9991C858AC500A4C931 /* NowModel.m */ = {isa = PBXFileReference; fileEncoding = 4; lastKnownFileType = sourcecode.c.objc; path = NowModel.m; sourceTree = "<group>"; };
		FE36D99B1C858AD900A4C931 /* SuggestionModel.h */ = {isa = PBXFileReference; fileEncoding = 4; lastKnownFileType = sourcecode.c.h; path = SuggestionModel.h; sourceTree = "<group>"; };
		FE36D99C1C858AD900A4C931 /* SuggestionModel.m */ = {isa = PBXFileReference; fileEncoding = 4; lastKnownFileType = sourcecode.c.objc; path = SuggestionModel.m; sourceTree = "<group>"; };
		FE36D99E1C85918D00A4C931 /* UpdateModel.h */ = {isa = PBXFileReference; fileEncoding = 4; lastKnownFileType = sourcecode.c.h; name = UpdateModel.h; path = ../UpdateModel.h; sourceTree = "<group>"; };
		FE36D99F1C85918D00A4C931 /* UpdateModel.m */ = {isa = PBXFileReference; fileEncoding = 4; lastKnownFileType = sourcecode.c.objc; name = UpdateModel.m; path = ../UpdateModel.m; sourceTree = "<group>"; };
		FE36D9A11C85970A00A4C931 /* CondModel.h */ = {isa = PBXFileReference; fileEncoding = 4; lastKnownFileType = sourcecode.c.h; name = CondModel.h; path = ../CondModel.h; sourceTree = "<group>"; };
		FE36D9A21C85970A00A4C931 /* CondModel.m */ = {isa = PBXFileReference; fileEncoding = 4; lastKnownFileType = sourcecode.c.objc; name = CondModel.m; path = ../CondModel.m; sourceTree = "<group>"; };
		FE36D9A61C8597B600A4C931 /* TmpModel.h */ = {isa = PBXFileReference; fileEncoding = 4; lastKnownFileType = sourcecode.c.h; path = TmpModel.h; sourceTree = "<group>"; };
		FE36D9A71C8597B600A4C931 /* TmpModel.m */ = {isa = PBXFileReference; fileEncoding = 4; lastKnownFileType = sourcecode.c.objc; path = TmpModel.m; sourceTree = "<group>"; };
		FE36D9A91C8597EF00A4C931 /* WindModel.h */ = {isa = PBXFileReference; fileEncoding = 4; lastKnownFileType = sourcecode.c.h; path = WindModel.h; sourceTree = "<group>"; };
		FE36D9AA1C8597EF00A4C931 /* WindModel.m */ = {isa = PBXFileReference; fileEncoding = 4; lastKnownFileType = sourcecode.c.objc; path = WindModel.m; sourceTree = "<group>"; };
		FE36D9AD1C859C2B00A4C931 /* BaseForceModel.h */ = {isa = PBXFileReference; fileEncoding = 4; lastKnownFileType = sourcecode.c.h; path = BaseForceModel.h; sourceTree = "<group>"; };
		FE36D9AE1C859C2B00A4C931 /* BaseForceModel.m */ = {isa = PBXFileReference; fileEncoding = 4; lastKnownFileType = sourcecode.c.objc; path = BaseForceModel.m; sourceTree = "<group>"; };
		FE36D9B01C85AC5900A4C931 /* NewCondModel.h */ = {isa = PBXFileReference; fileEncoding = 4; lastKnownFileType = sourcecode.c.h; path = NewCondModel.h; sourceTree = "<group>"; };
		FE36D9B11C85AC5900A4C931 /* NewCondModel.m */ = {isa = PBXFileReference; fileEncoding = 4; lastKnownFileType = sourcecode.c.objc; path = NewCondModel.m; sourceTree = "<group>"; };
		FF6DF11B1CE043633549FAAD /* Pods.release.xcconfig */ = {isa = PBXFileReference; includeInIndex = 1; lastKnownFileType = text.xcconfig; name = Pods.release.xcconfig; path = "Pods/Target Support Files/Pods/Pods.release.xcconfig"; sourceTree = "<group>"; };
/* End PBXFileReference section */

/* Begin PBXFrameworksBuildPhase section */
		FE36D90B1C8543D800A4C931 /* Frameworks */ = {
			isa = PBXFrameworksBuildPhase;
			buildActionMask = 2147483647;
			files = (
				5B92C3A78C9A4B576EDDAD06 /* libPods.a in Frameworks */,
			);
			runOnlyForDeploymentPostprocessing = 0;
		};
		FE36D9271C8543D800A4C931 /* Frameworks */ = {
			isa = PBXFrameworksBuildPhase;
			buildActionMask = 2147483647;
			files = (
			);
			runOnlyForDeploymentPostprocessing = 0;
		};
		FE36D9321C8543D800A4C931 /* Frameworks */ = {
			isa = PBXFrameworksBuildPhase;
			buildActionMask = 2147483647;
			files = (
			);
			runOnlyForDeploymentPostprocessing = 0;
		};
/* End PBXFrameworksBuildPhase section */

/* Begin PBXGroup section */
		1877F9CF804D8DB102253748 /* Pods */ = {
			isa = PBXGroup;
			children = (
				7EA8867BAAF6F8F0D324BBD2 /* Pods.debug.xcconfig */,
				FF6DF11B1CE043633549FAAD /* Pods.release.xcconfig */,
			);
			name = Pods;
			sourceTree = "<group>";
		};
		1CBA9D1439E5200FD65A0FC4 /* Frameworks */ = {
			isa = PBXGroup;
			children = (
				CA651C7031E6110F55A848A0 /* libPods.a */,
			);
			name = Frameworks;
			sourceTree = "<group>";
		};
		FE36D9051C8543D700A4C931 = {
			isa = PBXGroup;
			children = (
				FE36D9101C8543D800A4C931 /* 天气预报 */,
				FE36D92D1C8543D800A4C931 /* 天气预报Tests */,
				FE36D9381C8543D800A4C931 /* 天气预报UITests */,
				FE36D90F1C8543D800A4C931 /* Products */,
				1877F9CF804D8DB102253748 /* Pods */,
				1CBA9D1439E5200FD65A0FC4 /* Frameworks */,
			);
			sourceTree = "<group>";
		};
		FE36D90F1C8543D800A4C931 /* Products */ = {
			isa = PBXGroup;
			children = (
				FE36D90E1C8543D800A4C931 /* 天气预报.app */,
				FE36D92A1C8543D800A4C931 /* 天气预报Tests.xctest */,
				FE36D9351C8543D800A4C931 /* 天气预报UITests.xctest */,
			);
			name = Products;
			sourceTree = "<group>";
		};
		FE36D9101C8543D800A4C931 /* 天气预报 */ = {
			isa = PBXGroup;
			children = (
				FE36D9141C8543D800A4C931 /* AppDelegate.h */,
				FE36D9151C8543D800A4C931 /* AppDelegate.m */,
				FE36D9171C8543D800A4C931 /* ViewController.h */,
				FE36D9181C8543D800A4C931 /* ViewController.m */,
				FE36D9891C856C7500A4C931 /* HTTPManager.h */,
				FE36D98A1C856C7500A4C931 /* HTTPManager.m */,
				FE36D98C1C858A4200A4C931 /* AQIModel.h */,
				FE36D98D1C858A4200A4C931 /* AQIModel.m */,
				FE36D9AC1C859C1400A4C931 /* Base */,
				FE36D9A41C85972000A4C931 /* Basic */,
				FE36D9A51C85973A00A4C931 /* Daily_forecastModel */,
				FE36D9951C858AAE00A4C931 /* Hourly_forecastModel.h */,
				FE36D9961C858AAE00A4C931 /* Hourly_forecastModel.m */,
				FE36D9981C858AC500A4C931 /* NowModel.h */,
				FE36D9991C858AC500A4C931 /* NowModel.m */,
				FE36D9B01C85AC5900A4C931 /* NewCondModel.h */,
				FE36D9B11C85AC5900A4C931 /* NewCondModel.m */,
				FE36D99B1C858AD900A4C931 /* SuggestionModel.h */,
				FE36D99C1C858AD900A4C931 /* SuggestionModel.m */,
				FE36D91A1C8543D800A4C931 /* Main.storyboard */,
				FE36D9201C8543D800A4C931 /* Assets.xcassets */,
				FE36D9221C8543D800A4C931 /* LaunchScreen.storyboard */,
				FE36D9251C8543D800A4C931 /* Info.plist */,
				FE36D91D1C8543D800A4C931 /* ____.xcdatamodeld */,
				FE36D9111C8543D800A4C931 /* Supporting Files */,
			);
			path = "天气预报";
			sourceTree = "<group>";
		};
		FE36D9111C8543D800A4C931 /* Supporting Files */ = {
			isa = PBXGroup;
			children = (
				FE36D9121C8543D800A4C931 /* main.m */,
			);
			name = "Supporting Files";
			sourceTree = "<group>";
		};
		FE36D92D1C8543D800A4C931 /* 天气预报Tests */ = {
			isa = PBXGroup;
			children = (
				FE36D92E1C8543D800A4C931 /* ____Tests.m */,
				FE36D9301C8543D800A4C931 /* Info.plist */,
			);
			path = "天气预报Tests";
			sourceTree = "<group>";
		};
		FE36D9381C8543D800A4C931 /* 天气预报UITests */ = {
			isa = PBXGroup;
			children = (
				FE36D9391C8543D800A4C931 /* ____UITests.m */,
				FE36D93B1C8543D800A4C931 /* Info.plist */,
			);
			path = "天气预报UITests";
			sourceTree = "<group>";
		};
		FE36D9A41C85972000A4C931 /* Basic */ = {
			isa = PBXGroup;
			children = (
				FE36D98F1C858A7300A4C931 /* BasicModel.h */,
				FE36D9901C858A7300A4C931 /* BasicModel.m */,
				FE36D99E1C85918D00A4C931 /* UpdateModel.h */,
				FE36D99F1C85918D00A4C931 /* UpdateModel.m */,
			);
			path = Basic;
			sourceTree = "<group>";
		};
		FE36D9A51C85973A00A4C931 /* Daily_forecastModel */ = {
			isa = PBXGroup;
			children = (
				FE36D9921C858A9800A4C931 /* Daily_forecastModel.h */,
				FE36D9931C858A9800A4C931 /* Daily_forecastModel.m */,
				FE36D9A11C85970A00A4C931 /* CondModel.h */,
				FE36D9A21C85970A00A4C931 /* CondModel.m */,
				FE36D9A61C8597B600A4C931 /* TmpModel.h */,
				FE36D9A71C8597B600A4C931 /* TmpModel.m */,
				FE36D9A91C8597EF00A4C931 /* WindModel.h */,
				FE36D9AA1C8597EF00A4C931 /* WindModel.m */,
			);
			path = Daily_forecastModel;
			sourceTree = "<group>";
		};
		FE36D9AC1C859C1400A4C931 /* Base */ = {
			isa = PBXGroup;
			children = (
				FE36D9AD1C859C2B00A4C931 /* BaseForceModel.h */,
				FE36D9AE1C859C2B00A4C931 /* BaseForceModel.m */,
			);
			path = Base;
			sourceTree = "<group>";
		};
/* End PBXGroup section */

/* Begin PBXNativeTarget section */
		FE36D90D1C8543D800A4C931 /* 天气预报 */ = {
			isa = PBXNativeTarget;
			buildConfigurationList = FE36D93E1C8543D800A4C931 /* Build configuration list for PBXNativeTarget "天气预报" */;
			buildPhases = (
				BB731F7DE62CB77CED69EC1F /* Check Pods Manifest.lock */,
				FE36D90A1C8543D800A4C931 /* Sources */,
				FE36D90B1C8543D800A4C931 /* Frameworks */,
				FE36D90C1C8543D800A4C931 /* Resources */,
				5A172A4520E61D6A4C2FA367 /* Embed Pods Frameworks */,
				90E3E66FF8F0594D791C391A /* Copy Pods Resources */,
			);
			buildRules = (
			);
			dependencies = (
			);
			name = "天气预报";
			productName = "天气预报";
			productReference = FE36D90E1C8543D800A4C931 /* 天气预报.app */;
			productType = "com.apple.product-type.application";
		};
		FE36D9291C8543D800A4C931 /* 天气预报Tests */ = {
			isa = PBXNativeTarget;
			buildConfigurationList = FE36D9411C8543D800A4C931 /* Build configuration list for PBXNativeTarget "天气预报Tests" */;
			buildPhases = (
				FE36D9261C8543D800A4C931 /* Sources */,
				FE36D9271C8543D800A4C931 /* Frameworks */,
				FE36D9281C8543D800A4C931 /* Resources */,
			);
			buildRules = (
			);
			dependencies = (
				FE36D92C1C8543D800A4C931 /* PBXTargetDependency */,
			);
			name = "天气预报Tests";
			productName = "天气预报Tests";
			productReference = FE36D92A1C8543D800A4C931 /* 天气预报Tests.xctest */;
			productType = "com.apple.product-type.bundle.unit-test";
		};
		FE36D9341C8543D800A4C931 /* 天气预报UITests */ = {
			isa = PBXNativeTarget;
			buildConfigurationList = FE36D9441C8543D800A4C931 /* Build configuration list for PBXNativeTarget "天气预报UITests" */;
			buildPhases = (
				FE36D9311C8543D800A4C931 /* Sources */,
				FE36D9321C8543D800A4C931 /* Frameworks */,
				FE36D9331C8543D800A4C931 /* Resources */,
			);
			buildRules = (
			);
			dependencies = (
				FE36D9371C8543D800A4C931 /* PBXTargetDependency */,
			);
			name = "天气预报UITests";
			productName = "天气预报UITests";
			productReference = FE36D9351C8543D800A4C931 /* 天气预报UITests.xctest */;
			productType = "com.apple.product-type.bundle.ui-testing";
		};
/* End PBXNativeTarget section */

/* Begin PBXProject section */
		FE36D9061C8543D700A4C931 /* Project object */ = {
			isa = PBXProject;
			attributes = {
				LastUpgradeCheck = 0710;
				ORGANIZATIONNAME = "Larry（Lawrence）";
				TargetAttributes = {
					FE36D90D1C8543D800A4C931 = {
						CreatedOnToolsVersion = 7.1;
					};
					FE36D9291C8543D800A4C931 = {
						CreatedOnToolsVersion = 7.1;
						TestTargetID = FE36D90D1C8543D800A4C931;
					};
					FE36D9341C8543D800A4C931 = {
						CreatedOnToolsVersion = 7.1;
						TestTargetID = FE36D90D1C8543D800A4C931;
					};
				};
			};
			buildConfigurationList = FE36D9091C8543D700A4C931 /* Build configuration list for PBXProject "天气预报" */;
			compatibilityVersion = "Xcode 3.2";
			developmentRegion = English;
			hasScannedForEncodings = 0;
			knownRegions = (
				en,
				Base,
			);
			mainGroup = FE36D9051C8543D700A4C931;
			productRefGroup = FE36D90F1C8543D800A4C931 /* Products */;
			projectDirPath = "";
			projectRoot = "";
			targets = (
				FE36D90D1C8543D800A4C931 /* 天气预报 */,
				FE36D9291C8543D800A4C931 /* 天气预报Tests */,
				FE36D9341C8543D800A4C931 /* 天气预报UITests */,
			);
		};
/* End PBXProject section */

/* Begin PBXResourcesBuildPhase section */
		FE36D90C1C8543D800A4C931 /* Resources */ = {
			isa = PBXResourcesBuildPhase;
			buildActionMask = 2147483647;
			files = (
				FE36D9241C8543D800A4C931 /* LaunchScreen.storyboard in Resources */,
				FE36D9211C8543D800A4C931 /* Assets.xcassets in Resources */,
				FE36D91C1C8543D800A4C931 /* Main.storyboard in Resources */,
			);
			runOnlyForDeploymentPostprocessing = 0;
		};
		FE36D9281C8543D800A4C931 /* Resources */ = {
			isa = PBXResourcesBuildPhase;
			buildActionMask = 2147483647;
			files = (
			);
			runOnlyForDeploymentPostprocessing = 0;
		};
		FE36D9331C8543D800A4C931 /* Resources */ = {
			isa = PBXResourcesBuildPhase;
			buildActionMask = 2147483647;
			files = (
			);
			runOnlyForDeploymentPostprocessing = 0;
		};
/* End PBXResourcesBuildPhase section */

/* Begin PBXShellScriptBuildPhase section */
		5A172A4520E61D6A4C2FA367 /* Embed Pods Frameworks */ = {
			isa = PBXShellScriptBuildPhase;
			buildActionMask = 2147483647;
			files = (
			);
			inputPaths = (
			);
			name = "Embed Pods Frameworks";
			outputPaths = (
			);
			runOnlyForDeploymentPostprocessing = 0;
			shellPath = /bin/sh;
			shellScript = "\"${SRCROOT}/Pods/Target Support Files/Pods/Pods-frameworks.sh\"\n";
			showEnvVarsInLog = 0;
		};
		90E3E66FF8F0594D791C391A /* Copy Pods Resources */ = {
			isa = PBXShellScriptBuildPhase;
			buildActionMask = 2147483647;
			files = (
			);
			inputPaths = (
			);
			name = "Copy Pods Resources";
			outputPaths = (
			);
			runOnlyForDeploymentPostprocessing = 0;
			shellPath = /bin/sh;
			shellScript = "\"${SRCROOT}/Pods/Target Support Files/Pods/Pods-resources.sh\"\n";
			showEnvVarsInLog = 0;
		};
		BB731F7DE62CB77CED69EC1F /* Check Pods Manifest.lock */ = {
			isa = PBXShellScriptBuildPhase;
			buildActionMask = 2147483647;
			files = (
			);
			inputPaths = (
			);
			name = "Check Pods Manifest.lock";
			outputPaths = (
			);
			runOnlyForDeploymentPostprocessing = 0;
			shellPath = /bin/sh;
			shellScript = "diff \"${PODS_ROOT}/../Podfile.lock\" \"${PODS_ROOT}/Manifest.lock\" > /dev/null\nif [[ $? != 0 ]] ; then\n    cat << EOM\nerror: The sandbox is not in sync with the Podfile.lock. Run 'pod install' or update your CocoaPods installation.\nEOM\n    exit 1\nfi\n";
			showEnvVarsInLog = 0;
		};
/* End PBXShellScriptBuildPhase section */

/* Begin PBXSourcesBuildPhase section */
		FE36D90A1C8543D800A4C931 /* Sources */ = {
			isa = PBXSourcesBuildPhase;
			buildActionMask = 2147483647;
			files = (
				FE36D98B1C856C7500A4C931 /* HTTPManager.m in Sources */,
				FE36D9971C858AAE00A4C931 /* Hourly_forecastModel.m in Sources */,
				FE36D98E1C858A4200A4C931 /* AQIModel.m in Sources */,
				FE36D9AB1C8597EF00A4C931 /* WindModel.m in Sources */,
				FE36D9941C858A9800A4C931 /* Daily_forecastModel.m in Sources */,
				FE36D99A1C858AC500A4C931 /* NowModel.m in Sources */,
				FE36D9AF1C859C2B00A4C931 /* BaseForceModel.m in Sources */,
				FE36D9911C858A7300A4C931 /* BasicModel.m in Sources */,
				FE36D9191C8543D800A4C931 /* ViewController.m in Sources */,
				FE36D9A81C8597B600A4C931 /* TmpModel.m in Sources */,
				FE36D9A31C85970A00A4C931 /* CondModel.m in Sources */,
				FE36D9B21C85AC5900A4C931 /* NewCondModel.m in Sources */,
				FE36D91F1C8543D800A4C931 /* ____.xcdatamodeld in Sources */,
				FE36D9A01C85918D00A4C931 /* UpdateModel.m in Sources */,
				FE36D9161C8543D800A4C931 /* AppDelegate.m in Sources */,
				FE36D99D1C858AD900A4C931 /* SuggestionModel.m in Sources */,
				FE36D9131C8543D800A4C931 /* main.m in Sources */,
			);
			runOnlyForDeploymentPostprocessing = 0;
		};
		FE36D9261C8543D800A4C931 /* Sources */ = {
			isa = PBXSourcesBuildPhase;
			buildActionMask = 2147483647;
			files = (
				FE36D92F1C8543D800A4C931 /* ____Tests.m in Sources */,
			);
			runOnlyForDeploymentPostprocessing = 0;
		};
		FE36D9311C8543D800A4C931 /* Sources */ = {
			isa = PBXSourcesBuildPhase;
			buildActionMask = 2147483647;
			files = (
				FE36D93A1C8543D800A4C931 /* ____UITests.m in Sources */,
			);
			runOnlyForDeploymentPostprocessing = 0;
		};
/* End PBXSourcesBuildPhase section */

/* Begin PBXTargetDependency section */
		FE36D92C1C8543D800A4C931 /* PBXTargetDependency */ = {
			isa = PBXTargetDependency;
			target = FE36D90D1C8543D800A4C931 /* 天气预报 */;
			targetProxy = FE36D92B1C8543D800A4C931 /* PBXContainerItemProxy */;
		};
		FE36D9371C8543D800A4C931 /* PBXTargetDependency */ = {
			isa = PBXTargetDependency;
			target = FE36D90D1C8543D800A4C931 /* 天气预报 */;
			targetProxy = FE36D9361C8543D800A4C931 /* PBXContainerItemProxy */;
		};
/* End PBXTargetDependency section */

/* Begin PBXVariantGroup section */
		FE36D91A1C8543D800A4C931 /* Main.storyboard */ = {
			isa = PBXVariantGroup;
			children = (
				FE36D91B1C8543D800A4C931 /* Base */,
			);
			name = Main.storyboard;
			sourceTree = "<group>";
		};
		FE36D9221C8543D800A4C931 /* LaunchScreen.storyboard */ = {
			isa = PBXVariantGroup;
			children = (
				FE36D9231C8543D800A4C931 /* Base */,
			);
			name = LaunchScreen.storyboard;
			sourceTree = "<group>";
		};
/* End PBXVariantGroup section */

/* Begin XCBuildConfiguration section */
		FE36D93C1C8543D800A4C931 /* Debug */ = {
			isa = XCBuildConfiguration;
			buildSettings = {
				ALWAYS_SEARCH_USER_PATHS = NO;
				CLANG_CXX_LANGUAGE_STANDARD = "gnu++0x";
				CLANG_CXX_LIBRARY = "libc++";
				CLANG_ENABLE_MODULES = YES;
				CLANG_ENABLE_OBJC_ARC = YES;
				CLANG_WARN_BOOL_CONVERSION = YES;
				CLANG_WARN_CONSTANT_CONVERSION = YES;
				CLANG_WARN_DIRECT_OBJC_ISA_USAGE = YES_ERROR;
				CLANG_WARN_EMPTY_BODY = YES;
				CLANG_WARN_ENUM_CONVERSION = YES;
				CLANG_WARN_INT_CONVERSION = YES;
				CLANG_WARN_OBJC_ROOT_CLASS = YES_ERROR;
				CLANG_WARN_UNREACHABLE_CODE = YES;
				CLANG_WARN__DUPLICATE_METHOD_MATCH = YES;
				"CODE_SIGN_IDENTITY[sdk=iphoneos*]" = "iPhone Developer";
				COPY_PHASE_STRIP = NO;
				DEBUG_INFORMATION_FORMAT = dwarf;
				ENABLE_STRICT_OBJC_MSGSEND = YES;
				ENABLE_TESTABILITY = YES;
				GCC_C_LANGUAGE_STANDARD = gnu99;
				GCC_DYNAMIC_NO_PIC = NO;
				GCC_NO_COMMON_BLOCKS = YES;
				GCC_OPTIMIZATION_LEVEL = 0;
				GCC_PREPROCESSOR_DEFINITIONS = (
					"DEBUG=1",
					"$(inherited)",
				);
				GCC_WARN_64_TO_32_BIT_CONVERSION = YES;
				GCC_WARN_ABOUT_RETURN_TYPE = YES_ERROR;
				GCC_WARN_UNDECLARED_SELECTOR = YES;
				GCC_WARN_UNINITIALIZED_AUTOS = YES_AGGRESSIVE;
				GCC_WARN_UNUSED_FUNCTION = YES;
				GCC_WARN_UNUSED_VARIABLE = YES;
				IPHONEOS_DEPLOYMENT_TARGET = 9.1;
				MTL_ENABLE_DEBUG_INFO = YES;
				ONLY_ACTIVE_ARCH = YES;
				SDKROOT = iphoneos;
			};
			name = Debug;
		};
		FE36D93D1C8543D800A4C931 /* Release */ = {
			isa = XCBuildConfiguration;
			buildSettings = {
				ALWAYS_SEARCH_USER_PATHS = NO;
				CLANG_CXX_LANGUAGE_STANDARD = "gnu++0x";
				CLANG_CXX_LIBRARY = "libc++";
				CLANG_ENABLE_MODULES = YES;
				CLANG_ENABLE_OBJC_ARC = YES;
				CLANG_WARN_BOOL_CONVERSION = YES;
				CLANG_WARN_CONSTANT_CONVERSION = YES;
				CLANG_WARN_DIRECT_OBJC_ISA_USAGE = YES_ERROR;
				CLANG_WARN_EMPTY_BODY = YES;
				CLANG_WARN_ENUM_CONVERSION = YES;
				CLANG_WARN_INT_CONVERSION = YES;
				CLANG_WARN_OBJC_ROOT_CLASS = YES_ERROR;
				CLANG_WARN_UNREACHABLE_CODE = YES;
				CLANG_WARN__DUPLICATE_METHOD_MATCH = YES;
				"CODE_SIGN_IDENTITY[sdk=iphoneos*]" = "iPhone Developer";
				COPY_PHASE_STRIP = NO;
				DEBUG_INFORMATION_FORMAT = "dwarf-with-dsym";
				ENABLE_NS_ASSERTIONS = NO;
				ENABLE_STRICT_OBJC_MSGSEND = YES;
				GCC_C_LANGUAGE_STANDARD = gnu99;
				GCC_NO_COMMON_BLOCKS = YES;
				GCC_WARN_64_TO_32_BIT_CONVERSION = YES;
				GCC_WARN_ABOUT_RETURN_TYPE = YES_ERROR;
				GCC_WARN_UNDECLARED_SELECTOR = YES;
				GCC_WARN_UNINITIALIZED_AUTOS = YES_AGGRESSIVE;
				GCC_WARN_UNUSED_FUNCTION = YES;
				GCC_WARN_UNUSED_VARIABLE = YES;
				IPHONEOS_DEPLOYMENT_TARGET = 9.1;
				MTL_ENABLE_DEBUG_INFO = NO;
				SDKROOT = iphoneos;
				VALIDATE_PRODUCT = YES;
			};
			name = Release;
		};
		FE36D93F1C8543D800A4C931 /* Debug */ = {
			isa = XCBuildConfiguration;
			baseConfigurationReference = 7EA8867BAAF6F8F0D324BBD2 /* Pods.debug.xcconfig */;
			buildSettings = {
				ASSETCATALOG_COMPILER_APPICON_NAME = AppIcon;
				INFOPLIST_FILE = "天气预报/Info.plist";
				LD_RUNPATH_SEARCH_PATHS = "$(inherited) @executable_path/Frameworks";
				PRODUCT_BUNDLE_IDENTIFIER = "Larry.----";
				PRODUCT_NAME = "$(TARGET_NAME)";
			};
			name = Debug;
		};
		FE36D9401C8543D800A4C931 /* Release */ = {
			isa = XCBuildConfiguration;
			baseConfigurationReference = FF6DF11B1CE043633549FAAD /* Pods.release.xcconfig */;
			buildSettings = {
				ASSETCATALOG_COMPILER_APPICON_NAME = AppIcon;
				INFOPLIST_FILE = "天气预报/Info.plist";
				LD_RUNPATH_SEARCH_PATHS = "$(inherited) @executable_path/Frameworks";
				PRODUCT_BUNDLE_IDENTIFIER = "Larry.----";
				PRODUCT_NAME = "$(TARGET_NAME)";
			};
			name = Release;
		};
		FE36D9421C8543D800A4C931 /* Debug */ = {
			isa = XCBuildConfiguration;
			buildSettings = {
				BUNDLE_LOADER = "$(TEST_HOST)";
				INFOPLIST_FILE = "天气预报Tests/Info.plist";
				LD_RUNPATH_SEARCH_PATHS = "$(inherited) @executable_path/Frameworks @loader_path/Frameworks";
				PRODUCT_BUNDLE_IDENTIFIER = "Larry.----Tests";
				PRODUCT_NAME = "$(TARGET_NAME)";
				TEST_HOST = "$(BUILT_PRODUCTS_DIR)/天气预报.app/天气预报";
			};
			name = Debug;
		};
		FE36D9431C8543D800A4C931 /* Release */ = {
			isa = XCBuildConfiguration;
			buildSettings = {
				BUNDLE_LOADER = "$(TEST_HOST)";
				INFOPLIST_FILE = "天气预报Tests/Info.plist";
				LD_RUNPATH_SEARCH_PATHS = "$(inherited) @executable_path/Frameworks @loader_path/Frameworks";
				PRODUCT_BUNDLE_IDENTIFIER = "Larry.----Tests";
				PRODUCT_NAME = "$(TARGET_NAME)";
				TEST_HOST = "$(BUILT_PRODUCTS_DIR)/天气预报.app/天气预报";
			};
			name = Release;
		};
		FE36D9451C8543D800A4C931 /* Debug */ = {
			isa = XCBuildConfiguration;
			buildSettings = {
				INFOPLIST_FILE = "天气预报UITests/Info.plist";
				LD_RUNPATH_SEARCH_PATHS = "$(inherited) @executable_path/Frameworks @loader_path/Frameworks";
				PRODUCT_BUNDLE_IDENTIFIER = "Larry.----UITests";
				PRODUCT_NAME = "$(TARGET_NAME)";
				TEST_TARGET_NAME = "天气预报";
				USES_XCTRUNNER = YES;
			};
			name = Debug;
		};
		FE36D9461C8543D800A4C931 /* Release */ = {
			isa = XCBuildConfiguration;
			buildSettings = {
				INFOPLIST_FILE = "天气预报UITests/Info.plist";
				LD_RUNPATH_SEARCH_PATHS = "$(inherited) @executable_path/Frameworks @loader_path/Frameworks";
				PRODUCT_BUNDLE_IDENTIFIER = "Larry.----UITests";
				PRODUCT_NAME = "$(TARGET_NAME)";
				TEST_TARGET_NAME = "天气预报";
				USES_XCTRUNNER = YES;
			};
			name = Release;
		};
/* End XCBuildConfiguration section */

/* Begin XCConfigurationList section */
		FE36D9091C8543D700A4C931 /* Build configuration list for PBXProject "天气预报" */ = {
			isa = XCConfigurationList;
			buildConfigurations = (
				FE36D93C1C8543D800A4C931 /* Debug */,
				FE36D93D1C8543D800A4C931 /* Release */,
			);
			defaultConfigurationIsVisible = 0;
			defaultConfigurationName = Release;
		};
		FE36D93E1C8543D800A4C931 /* Build configuration list for PBXNativeTarget "天气预报" */ = {
			isa = XCConfigurationList;
			buildConfigurations = (
				FE36D93F1C8543D800A4C931 /* Debug */,
				FE36D9401C8543D800A4C931 /* Release */,
			);
			defaultConfigurationIsVisible = 0;
			defaultConfigurationName = Release;
		};
		FE36D9411C8543D800A4C931 /* Build configuration list for PBXNativeTarget "天气预报Tests" */ = {
			isa = XCConfigurationList;
			buildConfigurations = (
				FE36D9421C8543D800A4C931 /* Debug */,
				FE36D9431C8543D800A4C931 /* Release */,
			);
			defaultConfigurationIsVisible = 0;
			defaultConfigurationName = Release;
		};
		FE36D9441C8543D800A4C931 /* Build configuration list for PBXNativeTarget "天气预报UITests" */ = {
			isa = XCConfigurationList;
			buildConfigurations = (
				FE36D9451C8543D800A4C931 /* Debug */,
				FE36D9461C8543D800A4C931 /* Release */,
			);
			defaultConfigurationIsVisible = 0;
			defaultConfigurationName = Release;
		};
/* End XCConfigurationList section */

/* Begin XCVersionGroup section */
		FE36D91D1C8543D800A4C931 /* ____.xcdatamodeld */ = {
			isa = XCVersionGroup;
			children = (
				FE36D91E1C8543D800A4C931 /* ____.xcdatamodel */,
			);
			currentVersion = FE36D91E1C8543D800A4C931 /* ____.xcdatamodel */;
			path = "____.xcdatamodeld";
			sourceTree = "<group>";
			versionGroupType = wrapper.xcdatamodel;
		};
/* End XCVersionGroup section */
	};
	rootObject = FE36D9061C8543D700A4C931 /* Project object */;
}
